# THIS IS AN AUTOGENERATED FILE. DO NOT EDIT THIS FILE DIRECTLY.
# yarn lockfile v1


aws-cdk@^2.178.1:
  version "2.178.1"
  resolved "https://registry.yarnpkg.com/aws-cdk/-/aws-cdk-2.178.1.tgz#b86722d1ccd2f8cba2635c0ef05785aed0e80626"
  integrity sha512-64z9ARFI90jhX6sfjqqJghGxkfh1T4STxY3ccuRY8OxzAK1FY6XLjKBxSyXi9jJFa3v9nN57x7W32u4hZDj6gw==
  optionalDependencies:
    fsevents "2.3.2"

fsevents@2.3.2:
  version "2.3.2"
  resolved "https://registry.yarnpkg.com/fsevents/-/fsevents-2.3.2.tgz#8a526f78b8fdf4623b709e0b975c52c24c02fd1a"
  integrity sha512-xiqMQR4xAeHTuB9uWm+fFRcIOgKBMiOBP+eXiyT7jsgVCq1bkVygt00oASowB7EdtpOHaaPgKt812P9ab+DDKA==
